
Microsoft Visual Studio Solution File, Format Version 12.00
Project("{8BC9CEB8-8B4A-11D0-8D11-00A0C91BC942}") = "CPPTask5Peer", "CPPTask5Peer\CPPTask5Peer.vcxproj", "{786630AA-E7CE-41A4-9FFA-DFB5CB99120E}"
EndProject
Global
	GlobalSection(SolutionConfigurationPlatforms) = preSolution
		Debug|Win32 = Debug|Win32
		Debug|x64 = Debug|x64
		Release|Win32 = Release|Win32
		Release|x64 = Release|x64
	EndGlobalSection
	GlobalSection(ProjectConfigurationPlatforms) = postSolution
		{786630AA-E7CE-41A4-9FFA-DFB5CB99120E}.Debug|Win32.ActiveCfg = Debug|Win32
		{786630AA-E7CE-41A4-9FFA-DFB5CB99120E}.Debug|Win32.Build.0 = Debug|Win32
		{786630AA-E7CE-41A4-9FFA-DFB5CB99120E}.Debug|x64.ActiveCfg = Debug|x64
		{786630AA-E7CE-41A4-9FFA-DFB5CB99120E}.Debug|x64.Build.0 = Debug|x64
		{786630AA-E7CE-41A4-9FFA-DFB5CB99120E}.Release|Win32.ActiveCfg = Release|Win32
		{786630AA-E7CE-41A4-9FFA-DFB5CB99120E}.Release|Win32.Build.0 = Release|Win32
		{786630AA-E7CE-41A4-9FFA-DFB5CB99120E}.Release|x64.ActiveCfg = Release|x64
		{786630AA-E7CE-41A4-9FFA-DFB5CB99120E}.Release|x64.Build.0 = Release|x64
	EndGlobalSection
EndGlobal
